
Microsoft Visual Studio Solution File, Format Version 12.00
# Visual Studio Version 17
VisualStudioVersion = 17.11.35303.130
MinimumVisualStudioVersion = 10.0.40219.1
Project("{FAE04EC0-301F-11D3-BF4B-00C04F79EFBC}") = "Anonotes", "pet-project(anon notes)\Anonotes.csproj", "{67B86933-7396-4E73-A2D9-ADEFCBD04CE5}"
EndProject
Global
	GlobalSection(SolutionConfigurationPlatforms) = preSolution
		Debug|Any CPU = Debug|Any CPU
		Release|Any CPU = Release|Any CPU
	EndGlobalSection
	GlobalSection(ProjectConfigurationPlatforms) = postSolution
		{67B86933-7396-4E73-A2D9-ADEFCBD04CE5}.Debug|Any CPU.ActiveCfg = Debug|Any CPU
		{67B86933-7396-4E73-A2D9-ADEFCBD04CE5}.Debug|Any CPU.Build.0 = Debug|Any CPU
		{67B86933-7396-4E73-A2D9-ADEFCBD04CE5}.Release|Any CPU.ActiveCfg = Release|Any CPU
		{67B86933-7396-4E73-A2D9-ADEFCBD04CE5}.Release|Any CPU.Build.0 = Release|Any CPU
	EndGlobalSection
	GlobalSection(SolutionProperties) = preSolution
		HideSolutionNode = FALSE
	EndGlobalSection
	GlobalSection(ExtensibilityGlobals) = postSolution
		SolutionGuid = {9FD2F903-D50B-4594-A9B9-C3D0397DBD54}
	EndGlobalSection
EndGlobal
